
Microsoft Visual Studio Solution File, Format Version 12.00
# Visual Studio Version 17
VisualStudioVersion = 17.5.002.0
MinimumVisualStudioVersion = 10.0.40219.1
Project("{9A19103F-16F7-4668-BE54-9A1E7A4F7556}") = "BaseStationReader.Logic", "BaseStationReader.Logic.csproj", "{ACB44E4B-16E9-4ADB-BD4B-9C0B7E3460D5}"
EndProject
Global
	GlobalSection(SolutionConfigurationPlatforms) = preSolution
		Debug|Any CPU = Debug|Any CPU
		Release|Any CPU = Release|Any CPU
	EndGlobalSection
	GlobalSection(ProjectConfigurationPlatforms) = postSolution
		{ACB44E4B-16E9-4ADB-BD4B-9C0B7E3460D5}.Debug|Any CPU.ActiveCfg = Debug|Any CPU
		{ACB44E4B-16E9-4ADB-BD4B-9C0B7E3460D5}.Debug|Any CPU.Build.0 = Debug|Any CPU
		{ACB44E4B-16E9-4ADB-BD4B-9C0B7E3460D5}.Release|Any CPU.ActiveCfg = Release|Any CPU
		{ACB44E4B-16E9-4ADB-BD4B-9C0B7E3460D5}.Release|Any CPU.Build.0 = Release|Any CPU
	EndGlobalSection
	GlobalSection(SolutionProperties) = preSolution
		HideSolutionNode = FALSE
	EndGlobalSection
	GlobalSection(ExtensibilityGlobals) = postSolution
		SolutionGuid = {125239F8-1241-4183-85F0-1AEDE0DD248B}
	EndGlobalSection
EndGlobal
