
Microsoft Visual Studio Solution File, Format Version 12.00
# Visual Studio Version 17
VisualStudioVersion = 17.7.34009.444
MinimumVisualStudioVersion = 10.0.40219.1
Project("{9A19103F-16F7-4668-BE54-9A1E7A4F7556}") = "BaseStationReader.Terminal", "BaseStationReader.Terminal\BaseStationReader.Terminal.csproj", "{9010B8E8-0B18-4741-B5E1-113EC76BD5D8}"
EndProject
Project("{9A19103F-16F7-4668-BE54-9A1E7A4F7556}") = "BaseStationReader.Entities", "BaseStationReader.Entities\BaseStationReader.Entities.csproj", "{08037705-12C5-49BB-84D6-B302A628E7DF}"
EndProject
Project("{9A19103F-16F7-4668-BE54-9A1E7A4F7556}") = "BaseStationReader.BusinessLogic", "BaseStationReader.BusinessLogic\BaseStationReader.BusinessLogic.csproj", "{7D4EA9D4-6F02-41F7-B56C-56B70DE3B21E}"
EndProject
Project("{9A19103F-16F7-4668-BE54-9A1E7A4F7556}") = "BaseStationReader.Api", "BaseStationReader.Api\BaseStationReader.Api.csproj", "{6E5C5E47-F35D-4BDC-A81C-D0D1FF198FE8}"
EndProject
Project("{9A19103F-16F7-4668-BE54-9A1E7A4F7556}") = "BaseStationReader.Data", "BaseStationReader.Data\BaseStationReader.Data.csproj", "{F05C2B61-1577-4108-A8E4-F9CA82F5C369}"
EndProject
Project("{9A19103F-16F7-4668-BE54-9A1E7A4F7556}") = "BaseStationReader.Simulator", "BaseStationReader.Simulator\BaseStationReader.Simulator.csproj", "{72F359AE-870F-4280-B3AD-5D34DAF3B08C}"
EndProject
Project("{9A19103F-16F7-4668-BE54-9A1E7A4F7556}") = "BaseStationReader.Lookup", "BaseStationReader.Lookup\BaseStationReader.Lookup.csproj", "{B1DF203B-770F-469F-9D2F-55EC9DF925D2}"
EndProject
Project("{9A19103F-16F7-4668-BE54-9A1E7A4F7556}") = "BaseStationReader.Interfaces", "BaseStationReader.Interfaces\BaseStationReader.Interfaces.csproj", "{215408BE-1159-4ABC-9B98-21A5E7DFCFBD}"
EndProject
Project("{9A19103F-16F7-4668-BE54-9A1E7A4F7556}") = "BaseStationReader.Tests", "BaseStationReader.Tests\BaseStationReader.Tests.csproj", "{09C85700-F0E0-4A21-B5F1-B2B9BC656A6A}"
EndProject
Global
	GlobalSection(SolutionConfigurationPlatforms) = preSolution
		Debug|Any CPU = Debug|Any CPU
		Release|Any CPU = Release|Any CPU
	EndGlobalSection
	GlobalSection(ProjectConfigurationPlatforms) = postSolution
		{215408BE-1159-4ABC-9B98-21A5E7DFCFBD}.Debug|Any CPU.ActiveCfg = Debug|Any CPU
		{215408BE-1159-4ABC-9B98-21A5E7DFCFBD}.Debug|Any CPU.Build.0 = Debug|Any CPU
		{215408BE-1159-4ABC-9B98-21A5E7DFCFBD}.Release|Any CPU.ActiveCfg = Release|Any CPU
		{215408BE-1159-4ABC-9B98-21A5E7DFCFBD}.Release|Any CPU.Build.0 = Release|Any CPU
		{9010B8E8-0B18-4741-B5E1-113EC76BD5D8}.Debug|Any CPU.ActiveCfg = Debug|Any CPU
		{9010B8E8-0B18-4741-B5E1-113EC76BD5D8}.Debug|Any CPU.Build.0 = Debug|Any CPU
		{9010B8E8-0B18-4741-B5E1-113EC76BD5D8}.Release|Any CPU.ActiveCfg = Release|Any CPU
		{9010B8E8-0B18-4741-B5E1-113EC76BD5D8}.Release|Any CPU.Build.0 = Release|Any CPU
		{08037705-12C5-49BB-84D6-B302A628E7DF}.Debug|Any CPU.ActiveCfg = Debug|Any CPU
		{08037705-12C5-49BB-84D6-B302A628E7DF}.Debug|Any CPU.Build.0 = Debug|Any CPU
		{08037705-12C5-49BB-84D6-B302A628E7DF}.Release|Any CPU.ActiveCfg = Release|Any CPU
		{08037705-12C5-49BB-84D6-B302A628E7DF}.Release|Any CPU.Build.0 = Release|Any CPU
		{7D4EA9D4-6F02-41F7-B56C-56B70DE3B21E}.Debug|Any CPU.ActiveCfg = Debug|Any CPU
		{7D4EA9D4-6F02-41F7-B56C-56B70DE3B21E}.Debug|Any CPU.Build.0 = Debug|Any CPU
		{7D4EA9D4-6F02-41F7-B56C-56B70DE3B21E}.Release|Any CPU.ActiveCfg = Release|Any CPU
		{7D4EA9D4-6F02-41F7-B56C-56B70DE3B21E}.Release|Any CPU.Build.0 = Release|Any CPU
		{F05C2B61-1577-4108-A8E4-F9CA82F5C369}.Debug|Any CPU.ActiveCfg = Debug|Any CPU
		{F05C2B61-1577-4108-A8E4-F9CA82F5C369}.Debug|Any CPU.Build.0 = Debug|Any CPU
		{F05C2B61-1577-4108-A8E4-F9CA82F5C369}.Release|Any CPU.ActiveCfg = Release|Any CPU
		{F05C2B61-1577-4108-A8E4-F9CA82F5C369}.Release|Any CPU.Build.0 = Release|Any CPU
		{09C85700-F0E0-4A21-B5F1-B2B9BC656A6A}.Debug|Any CPU.ActiveCfg = Debug|Any CPU
		{09C85700-F0E0-4A21-B5F1-B2B9BC656A6A}.Debug|Any CPU.Build.0 = Debug|Any CPU
		{09C85700-F0E0-4A21-B5F1-B2B9BC656A6A}.Release|Any CPU.ActiveCfg = Release|Any CPU
		{09C85700-F0E0-4A21-B5F1-B2B9BC656A6A}.Release|Any CPU.Build.0 = Release|Any CPU
		{72F359AE-870F-4280-B3AD-5D34DAF3B08C}.Debug|Any CPU.ActiveCfg = Debug|Any CPU
		{72F359AE-870F-4280-B3AD-5D34DAF3B08C}.Debug|Any CPU.Build.0 = Debug|Any CPU
		{72F359AE-870F-4280-B3AD-5D34DAF3B08C}.Release|Any CPU.ActiveCfg = Release|Any CPU
		{72F359AE-870F-4280-B3AD-5D34DAF3B08C}.Release|Any CPU.Build.0 = Release|Any CPU
		{B1DF203B-770F-469F-9D2F-55EC9DF925D2}.Debug|Any CPU.ActiveCfg = Debug|Any CPU
		{B1DF203B-770F-469F-9D2F-55EC9DF925D2}.Debug|Any CPU.Build.0 = Debug|Any CPU
		{B1DF203B-770F-469F-9D2F-55EC9DF925D2}.Release|Any CPU.ActiveCfg = Release|Any CPU
		{B1DF203B-770F-469F-9D2F-55EC9DF925D2}.Release|Any CPU.Build.0 = Release|Any CPU
		{6E5C5E47-F35D-4BDC-A81C-D0D1FF198FE8}.Debug|Any CPU.ActiveCfg = Debug|Any CPU
		{6E5C5E47-F35D-4BDC-A81C-D0D1FF198FE8}.Debug|Any CPU.Build.0 = Debug|Any CPU
		{6E5C5E47-F35D-4BDC-A81C-D0D1FF198FE8}.Release|Any CPU.ActiveCfg = Release|Any CPU
		{6E5C5E47-F35D-4BDC-A81C-D0D1FF198FE8}.Release|Any CPU.Build.0 = Release|Any CPU
	EndGlobalSection
	GlobalSection(SolutionProperties) = preSolution
		HideSolutionNode = FALSE
	EndGlobalSection
	GlobalSection(ExtensibilityGlobals) = postSolution
		SolutionGuid = {E7A3439E-A3ED-4429-81D0-F6FE0F331AD1}
	EndGlobalSection
EndGlobal
